
Microsoft Visual Studio Solution File, Format Version 12.00
# Visual Studio Version 16
VisualStudioVersion = 16.0.31515.178
MinimumVisualStudioVersion = 10.0.40219.1
Project("{9A19103F-16F7-4668-BE54-9A1E7A4F7556}") = "SocialNetwork.Web", "SocialNetwork.Web\SocialNetwork.Web.csproj", "{3D340964-FB0D-4B6C-B771-7876EEF6DFC5}"
EndProject
Project("{9A19103F-16F7-4668-BE54-9A1E7A4F7556}") = "SocialNetwork.Data", "SocialNetwork.Data\SocialNetwork.Data.csproj", "{2E85C472-319C-49E5-AC6B-496D364D10B6}"
EndProject
Project("{FAE04EC0-301F-11D3-BF4B-00C04F79EFBC}") = "SocialNetwork.Profile", "SocialNetwork.Profile\SocialNetwork.Profile.csproj", "{F4ADB0DA-964C-494C-A22C-DE50388F2A8D}"
EndProject
Global
	GlobalSection(SolutionConfigurationPlatforms) = preSolution
		Debug|Any CPU = Debug|Any CPU
		Release|Any CPU = Release|Any CPU
	EndGlobalSection
	GlobalSection(ProjectConfigurationPlatforms) = postSolution
		{3D340964-FB0D-4B6C-B771-7876EEF6DFC5}.Debug|Any CPU.ActiveCfg = Debug|Any CPU
		{3D340964-FB0D-4B6C-B771-7876EEF6DFC5}.Debug|Any CPU.Build.0 = Debug|Any CPU
		{3D340964-FB0D-4B6C-B771-7876EEF6DFC5}.Release|Any CPU.ActiveCfg = Release|Any CPU
		{3D340964-FB0D-4B6C-B771-7876EEF6DFC5}.Release|Any CPU.Build.0 = Release|Any CPU
		{2E85C472-319C-49E5-AC6B-496D364D10B6}.Debug|Any CPU.ActiveCfg = Debug|Any CPU
		{2E85C472-319C-49E5-AC6B-496D364D10B6}.Debug|Any CPU.Build.0 = Debug|Any CPU
		{2E85C472-319C-49E5-AC6B-496D364D10B6}.Release|Any CPU.ActiveCfg = Release|Any CPU
		{2E85C472-319C-49E5-AC6B-496D364D10B6}.Release|Any CPU.Build.0 = Release|Any CPU
		{F4ADB0DA-964C-494C-A22C-DE50388F2A8D}.Debug|Any CPU.ActiveCfg = Debug|Any CPU
		{F4ADB0DA-964C-494C-A22C-DE50388F2A8D}.Debug|Any CPU.Build.0 = Debug|Any CPU
		{F4ADB0DA-964C-494C-A22C-DE50388F2A8D}.Release|Any CPU.ActiveCfg = Release|Any CPU
		{F4ADB0DA-964C-494C-A22C-DE50388F2A8D}.Release|Any CPU.Build.0 = Release|Any CPU
	EndGlobalSection
	GlobalSection(SolutionProperties) = preSolution
		HideSolutionNode = FALSE
	EndGlobalSection
	GlobalSection(ExtensibilityGlobals) = postSolution
		SolutionGuid = {1A1D89E7-8611-4E88-8C5F-0CA0E0AEC3C8}
	EndGlobalSection
EndGlobal
