
Microsoft Visual Studio Solution File, Format Version 12.00
# Visual Studio Version 16
VisualStudioVersion = 16.0.31229.75
MinimumVisualStudioVersion = 10.0.40219.1
Project("{FAE04EC0-301F-11D3-BF4B-00C04F79EFBC}") = "Class_7", "Class_7\Class_7.csproj", "{4070BF9F-73AD-4BD5-A7B3-7B5962266D1B}"
EndProject
Global
	GlobalSection(SolutionConfigurationPlatforms) = preSolution
		Debug|Any CPU = Debug|Any CPU
		Release|Any CPU = Release|Any CPU
	EndGlobalSection
	GlobalSection(ProjectConfigurationPlatforms) = postSolution
		{4070BF9F-73AD-4BD5-A7B3-7B5962266D1B}.Debug|Any CPU.ActiveCfg = Debug|Any CPU
		{4070BF9F-73AD-4BD5-A7B3-7B5962266D1B}.Debug|Any CPU.Build.0 = Debug|Any CPU
		{4070BF9F-73AD-4BD5-A7B3-7B5962266D1B}.Release|Any CPU.ActiveCfg = Release|Any CPU
		{4070BF9F-73AD-4BD5-A7B3-7B5962266D1B}.Release|Any CPU.Build.0 = Release|Any CPU
	EndGlobalSection
	GlobalSection(SolutionProperties) = preSolution
		HideSolutionNode = FALSE
	EndGlobalSection
	GlobalSection(ExtensibilityGlobals) = postSolution
		SolutionGuid = {1ED7CBDD-8033-4A1F-B944-6A997BA7435F}
	EndGlobalSection
EndGlobal
