
Microsoft Visual Studio Solution File, Format Version 12.00
# Visual Studio Version 16
VisualStudioVersion = 16.0.31205.134
MinimumVisualStudioVersion = 10.0.40219.1
Project("{FAE04EC0-301F-11D3-BF4B-00C04F79EFBC}") = "FirstDemo", "FirstDemo\FirstDemo.csproj", "{24AF81F5-6D17-4E64-B009-FFEF78C9AF6C}"
EndProject
Global
	GlobalSection(SolutionConfigurationPlatforms) = preSolution
		Debug|Any CPU = Debug|Any CPU
		Release|Any CPU = Release|Any CPU
	EndGlobalSection
	GlobalSection(ProjectConfigurationPlatforms) = postSolution
		{24AF81F5-6D17-4E64-B009-FFEF78C9AF6C}.Debug|Any CPU.ActiveCfg = Debug|Any CPU
		{24AF81F5-6D17-4E64-B009-FFEF78C9AF6C}.Debug|Any CPU.Build.0 = Debug|Any CPU
		{24AF81F5-6D17-4E64-B009-FFEF78C9AF6C}.Release|Any CPU.ActiveCfg = Release|Any CPU
		{24AF81F5-6D17-4E64-B009-FFEF78C9AF6C}.Release|Any CPU.Build.0 = Release|Any CPU
	EndGlobalSection
	GlobalSection(SolutionProperties) = preSolution
		HideSolutionNode = FALSE
	EndGlobalSection
	GlobalSection(ExtensibilityGlobals) = postSolution
		SolutionGuid = {5D17BC56-D2F8-4CC5-ADE1-00AE0CB71E5F}
	EndGlobalSection
EndGlobal
