
Microsoft Visual Studio Solution File, Format Version 12.00
# Visual Studio Version 16
VisualStudioVersion = 16.0.31129.286
MinimumVisualStudioVersion = 10.0.40219.1
Project("{9A19103F-16F7-4668-BE54-9A1E7A4F7556}") = "LinqExample", "LinqExample\LinqExample.csproj", "{9E0794E7-603C-4183-A197-45A89F509001}"
EndProject
Project("{9A19103F-16F7-4668-BE54-9A1E7A4F7556}") = "CSharpLinq", "CSharpLinq\CSharpLinq.csproj", "{8FD01636-0694-4A67-99DB-58EC14D0A67E}"
EndProject
Project("{9A19103F-16F7-4668-BE54-9A1E7A4F7556}") = "LambdaExpression", "LambdaExpression\LambdaExpression.csproj", "{294DF62D-3C08-47F5-A706-B3F0C214635E}"
EndProject
Project("{9A19103F-16F7-4668-BE54-9A1E7A4F7556}") = "Delegate", "Delegate\Delegate.csproj", "{DCC0B476-FD44-4DE4-A5BB-C6E30ABE40F2}"
EndProject
Project("{9A19103F-16F7-4668-BE54-9A1E7A4F7556}") = "EventAndDelegate", "EventAndDelegate\EventAndDelegate.csproj", "{390F3788-CCE0-4A72-8539-022FD26C193E}"
EndProject
Project("{9A19103F-16F7-4668-BE54-9A1E7A4F7556}") = "Threads", "Threads\Threads.csproj", "{58246F11-8588-4A5B-8CB7-BADCE9AD86D1}"
EndProject
Project("{9A19103F-16F7-4668-BE54-9A1E7A4F7556}") = "DelegatesExample", "DelegatesExample\DelegatesExample.csproj", "{843538EE-DC6A-4E7B-9F1B-40D44F6C6EB4}"
EndProject
Project("{9A19103F-16F7-4668-BE54-9A1E7A4F7556}") = "Event", "Event\Event.csproj", "{17134A54-91FE-4959-87CD-4EF1D117045C}"
EndProject
Project("{9A19103F-16F7-4668-BE54-9A1E7A4F7556}") = "ComplexEventExample", "ComplexEventExample\ComplexEventExample.csproj", "{1896A3AB-F2DB-49DF-8B83-73FDDC6DDDE3}"
EndProject
Project("{9A19103F-16F7-4668-BE54-9A1E7A4F7556}") = "FuncDelegate", "FuncDelegate\FuncDelegate.csproj", "{7740A94C-652B-415D-AEDD-5002DCF38B9D}"
EndProject
Project("{9A19103F-16F7-4668-BE54-9A1E7A4F7556}") = "ActionDelegate", "ActionDelegate\ActionDelegate.csproj", "{498FCA0E-0DAA-4786-AFBE-FD521EDCEECF}"
EndProject
Project("{9A19103F-16F7-4668-BE54-9A1E7A4F7556}") = "PredicateDelegate", "PredicateDelegate\PredicateDelegate.csproj", "{0E90F9CD-0DD1-42B8-A441-72DE9F57C42D}"
EndProject
Project("{9A19103F-16F7-4668-BE54-9A1E7A4F7556}") = "Func", "Func\Func.csproj", "{19D92679-E88A-453B-B16E-1E872394D6F3}"
EndProject
Project("{9A19103F-16F7-4668-BE54-9A1E7A4F7556}") = "FuncWithLambdaExpression", "FuncWithLambdaExpression\FuncWithLambdaExpression.csproj", "{80F8CE2E-F69B-4AD2-AFCE-B61EB0821BAD}"
EndProject
Project("{9A19103F-16F7-4668-BE54-9A1E7A4F7556}") = "FuncLinqWhere", "FuncLinqWhere\FuncLinqWhere.csproj", "{EEA594D0-4CDB-4460-90EA-3FBA0271AB52}"
EndProject
Project("{9A19103F-16F7-4668-BE54-9A1E7A4F7556}") = "FuncFilterList", "FuncFilterList\FuncFilterList.csproj", "{C4FD7DD2-CD32-49BE-BB18-486D35A2C94F}"
EndProject
Project("{9A19103F-16F7-4668-BE54-9A1E7A4F7556}") = "TupleExample", "TupleExample\TupleExample.csproj", "{797C1300-F2A7-4861-92DD-1BCF25BA8000}"
EndProject
Project("{9A19103F-16F7-4668-BE54-9A1E7A4F7556}") = "SwitchExpression", "SwitchExpression\SwitchExpression.csproj", "{CE5C128A-AF68-4813-9292-8E3CED241F63}"
EndProject
Project("{9A19103F-16F7-4668-BE54-9A1E7A4F7556}") = "Collections", "Collections\Collections.csproj", "{2969214A-6F08-4882-BE97-EBF29A5A5602}"
EndProject
Project("{FAE04EC0-301F-11D3-BF4B-00C04F79EFBC}") = "Reflection", "Reflection\Reflection.csproj", "{D4BBCBD2-9165-4CE6-9AEC-6AD3FB89F8F9}"
EndProject
Global
	GlobalSection(SolutionConfigurationPlatforms) = preSolution
		Debug|Any CPU = Debug|Any CPU
		Release|Any CPU = Release|Any CPU
	EndGlobalSection
	GlobalSection(ProjectConfigurationPlatforms) = postSolution
		{9E0794E7-603C-4183-A197-45A89F509001}.Debug|Any CPU.ActiveCfg = Debug|Any CPU
		{9E0794E7-603C-4183-A197-45A89F509001}.Debug|Any CPU.Build.0 = Debug|Any CPU
		{9E0794E7-603C-4183-A197-45A89F509001}.Release|Any CPU.ActiveCfg = Release|Any CPU
		{9E0794E7-603C-4183-A197-45A89F509001}.Release|Any CPU.Build.0 = Release|Any CPU
		{8FD01636-0694-4A67-99DB-58EC14D0A67E}.Debug|Any CPU.ActiveCfg = Debug|Any CPU
		{8FD01636-0694-4A67-99DB-58EC14D0A67E}.Debug|Any CPU.Build.0 = Debug|Any CPU
		{8FD01636-0694-4A67-99DB-58EC14D0A67E}.Release|Any CPU.ActiveCfg = Release|Any CPU
		{8FD01636-0694-4A67-99DB-58EC14D0A67E}.Release|Any CPU.Build.0 = Release|Any CPU
		{294DF62D-3C08-47F5-A706-B3F0C214635E}.Debug|Any CPU.ActiveCfg = Debug|Any CPU
		{294DF62D-3C08-47F5-A706-B3F0C214635E}.Debug|Any CPU.Build.0 = Debug|Any CPU
		{294DF62D-3C08-47F5-A706-B3F0C214635E}.Release|Any CPU.ActiveCfg = Release|Any CPU
		{294DF62D-3C08-47F5-A706-B3F0C214635E}.Release|Any CPU.Build.0 = Release|Any CPU
		{DCC0B476-FD44-4DE4-A5BB-C6E30ABE40F2}.Debug|Any CPU.ActiveCfg = Debug|Any CPU
		{DCC0B476-FD44-4DE4-A5BB-C6E30ABE40F2}.Debug|Any CPU.Build.0 = Debug|Any CPU
		{DCC0B476-FD44-4DE4-A5BB-C6E30ABE40F2}.Release|Any CPU.ActiveCfg = Release|Any CPU
		{DCC0B476-FD44-4DE4-A5BB-C6E30ABE40F2}.Release|Any CPU.Build.0 = Release|Any CPU
		{390F3788-CCE0-4A72-8539-022FD26C193E}.Debug|Any CPU.ActiveCfg = Debug|Any CPU
		{390F3788-CCE0-4A72-8539-022FD26C193E}.Debug|Any CPU.Build.0 = Debug|Any CPU
		{390F3788-CCE0-4A72-8539-022FD26C193E}.Release|Any CPU.ActiveCfg = Release|Any CPU
		{390F3788-CCE0-4A72-8539-022FD26C193E}.Release|Any CPU.Build.0 = Release|Any CPU
		{58246F11-8588-4A5B-8CB7-BADCE9AD86D1}.Debug|Any CPU.ActiveCfg = Debug|Any CPU
		{58246F11-8588-4A5B-8CB7-BADCE9AD86D1}.Debug|Any CPU.Build.0 = Debug|Any CPU
		{58246F11-8588-4A5B-8CB7-BADCE9AD86D1}.Release|Any CPU.ActiveCfg = Release|Any CPU
		{58246F11-8588-4A5B-8CB7-BADCE9AD86D1}.Release|Any CPU.Build.0 = Release|Any CPU
		{843538EE-DC6A-4E7B-9F1B-40D44F6C6EB4}.Debug|Any CPU.ActiveCfg = Debug|Any CPU
		{843538EE-DC6A-4E7B-9F1B-40D44F6C6EB4}.Debug|Any CPU.Build.0 = Debug|Any CPU
		{843538EE-DC6A-4E7B-9F1B-40D44F6C6EB4}.Release|Any CPU.ActiveCfg = Release|Any CPU
		{843538EE-DC6A-4E7B-9F1B-40D44F6C6EB4}.Release|Any CPU.Build.0 = Release|Any CPU
		{17134A54-91FE-4959-87CD-4EF1D117045C}.Debug|Any CPU.ActiveCfg = Debug|Any CPU
		{17134A54-91FE-4959-87CD-4EF1D117045C}.Debug|Any CPU.Build.0 = Debug|Any CPU
		{17134A54-91FE-4959-87CD-4EF1D117045C}.Release|Any CPU.ActiveCfg = Release|Any CPU
		{17134A54-91FE-4959-87CD-4EF1D117045C}.Release|Any CPU.Build.0 = Release|Any CPU
		{1896A3AB-F2DB-49DF-8B83-73FDDC6DDDE3}.Debug|Any CPU.ActiveCfg = Debug|Any CPU
		{1896A3AB-F2DB-49DF-8B83-73FDDC6DDDE3}.Debug|Any CPU.Build.0 = Debug|Any CPU
		{1896A3AB-F2DB-49DF-8B83-73FDDC6DDDE3}.Release|Any CPU.ActiveCfg = Release|Any CPU
		{1896A3AB-F2DB-49DF-8B83-73FDDC6DDDE3}.Release|Any CPU.Build.0 = Release|Any CPU
		{7740A94C-652B-415D-AEDD-5002DCF38B9D}.Debug|Any CPU.ActiveCfg = Debug|Any CPU
		{7740A94C-652B-415D-AEDD-5002DCF38B9D}.Debug|Any CPU.Build.0 = Debug|Any CPU
		{7740A94C-652B-415D-AEDD-5002DCF38B9D}.Release|Any CPU.ActiveCfg = Release|Any CPU
		{7740A94C-652B-415D-AEDD-5002DCF38B9D}.Release|Any CPU.Build.0 = Release|Any CPU
		{498FCA0E-0DAA-4786-AFBE-FD521EDCEECF}.Debug|Any CPU.ActiveCfg = Debug|Any CPU
		{498FCA0E-0DAA-4786-AFBE-FD521EDCEECF}.Debug|Any CPU.Build.0 = Debug|Any CPU
		{498FCA0E-0DAA-4786-AFBE-FD521EDCEECF}.Release|Any CPU.ActiveCfg = Release|Any CPU
		{498FCA0E-0DAA-4786-AFBE-FD521EDCEECF}.Release|Any CPU.Build.0 = Release|Any CPU
		{0E90F9CD-0DD1-42B8-A441-72DE9F57C42D}.Debug|Any CPU.ActiveCfg = Debug|Any CPU
		{0E90F9CD-0DD1-42B8-A441-72DE9F57C42D}.Debug|Any CPU.Build.0 = Debug|Any CPU
		{0E90F9CD-0DD1-42B8-A441-72DE9F57C42D}.Release|Any CPU.ActiveCfg = Release|Any CPU
		{0E90F9CD-0DD1-42B8-A441-72DE9F57C42D}.Release|Any CPU.Build.0 = Release|Any CPU
		{19D92679-E88A-453B-B16E-1E872394D6F3}.Debug|Any CPU.ActiveCfg = Debug|Any CPU
		{19D92679-E88A-453B-B16E-1E872394D6F3}.Debug|Any CPU.Build.0 = Debug|Any CPU
		{19D92679-E88A-453B-B16E-1E872394D6F3}.Release|Any CPU.ActiveCfg = Release|Any CPU
		{19D92679-E88A-453B-B16E-1E872394D6F3}.Release|Any CPU.Build.0 = Release|Any CPU
		{80F8CE2E-F69B-4AD2-AFCE-B61EB0821BAD}.Debug|Any CPU.ActiveCfg = Debug|Any CPU
		{80F8CE2E-F69B-4AD2-AFCE-B61EB0821BAD}.Debug|Any CPU.Build.0 = Debug|Any CPU
		{80F8CE2E-F69B-4AD2-AFCE-B61EB0821BAD}.Release|Any CPU.ActiveCfg = Release|Any CPU
		{80F8CE2E-F69B-4AD2-AFCE-B61EB0821BAD}.Release|Any CPU.Build.0 = Release|Any CPU
		{EEA594D0-4CDB-4460-90EA-3FBA0271AB52}.Debug|Any CPU.ActiveCfg = Debug|Any CPU
		{EEA594D0-4CDB-4460-90EA-3FBA0271AB52}.Debug|Any CPU.Build.0 = Debug|Any CPU
		{EEA594D0-4CDB-4460-90EA-3FBA0271AB52}.Release|Any CPU.ActiveCfg = Release|Any CPU
		{EEA594D0-4CDB-4460-90EA-3FBA0271AB52}.Release|Any CPU.Build.0 = Release|Any CPU
		{C4FD7DD2-CD32-49BE-BB18-486D35A2C94F}.Debug|Any CPU.ActiveCfg = Debug|Any CPU
		{C4FD7DD2-CD32-49BE-BB18-486D35A2C94F}.Debug|Any CPU.Build.0 = Debug|Any CPU
		{C4FD7DD2-CD32-49BE-BB18-486D35A2C94F}.Release|Any CPU.ActiveCfg = Release|Any CPU
		{C4FD7DD2-CD32-49BE-BB18-486D35A2C94F}.Release|Any CPU.Build.0 = Release|Any CPU
		{797C1300-F2A7-4861-92DD-1BCF25BA8000}.Debug|Any CPU.ActiveCfg = Debug|Any CPU
		{797C1300-F2A7-4861-92DD-1BCF25BA8000}.Debug|Any CPU.Build.0 = Debug|Any CPU
		{797C1300-F2A7-4861-92DD-1BCF25BA8000}.Release|Any CPU.ActiveCfg = Release|Any CPU
		{797C1300-F2A7-4861-92DD-1BCF25BA8000}.Release|Any CPU.Build.0 = Release|Any CPU
		{CE5C128A-AF68-4813-9292-8E3CED241F63}.Debug|Any CPU.ActiveCfg = Debug|Any CPU
		{CE5C128A-AF68-4813-9292-8E3CED241F63}.Debug|Any CPU.Build.0 = Debug|Any CPU
		{CE5C128A-AF68-4813-9292-8E3CED241F63}.Release|Any CPU.ActiveCfg = Release|Any CPU
		{CE5C128A-AF68-4813-9292-8E3CED241F63}.Release|Any CPU.Build.0 = Release|Any CPU
		{2969214A-6F08-4882-BE97-EBF29A5A5602}.Debug|Any CPU.ActiveCfg = Debug|Any CPU
		{2969214A-6F08-4882-BE97-EBF29A5A5602}.Debug|Any CPU.Build.0 = Debug|Any CPU
		{2969214A-6F08-4882-BE97-EBF29A5A5602}.Release|Any CPU.ActiveCfg = Release|Any CPU
		{2969214A-6F08-4882-BE97-EBF29A5A5602}.Release|Any CPU.Build.0 = Release|Any CPU
		{D4BBCBD2-9165-4CE6-9AEC-6AD3FB89F8F9}.Debug|Any CPU.ActiveCfg = Debug|Any CPU
		{D4BBCBD2-9165-4CE6-9AEC-6AD3FB89F8F9}.Debug|Any CPU.Build.0 = Debug|Any CPU
		{D4BBCBD2-9165-4CE6-9AEC-6AD3FB89F8F9}.Release|Any CPU.ActiveCfg = Release|Any CPU
		{D4BBCBD2-9165-4CE6-9AEC-6AD3FB89F8F9}.Release|Any CPU.Build.0 = Release|Any CPU
	EndGlobalSection
	GlobalSection(SolutionProperties) = preSolution
		HideSolutionNode = FALSE
	EndGlobalSection
	GlobalSection(ExtensibilityGlobals) = postSolution
		SolutionGuid = {F6E53C67-53F3-4580-A5E6-3D851EDD52E3}
	EndGlobalSection
EndGlobal
