
Microsoft Visual Studio Solution File, Format Version 12.00
# Visual Studio Version 16
VisualStudioVersion = 16.0.31515.178
MinimumVisualStudioVersion = 10.0.40219.1
Project("{9A19103F-16F7-4668-BE54-9A1E7A4F7556}") = "TicketBookingSystem.Web", "TicketBookingSystem.Web\TicketBookingSystem.Web.csproj", "{4CC34433-44F9-4E6B-B0D8-118EDFD8CEB6}"
EndProject
Project("{9A19103F-16F7-4668-BE54-9A1E7A4F7556}") = "TicketBookingSystem.Data", "TicketBookingSystem.Data\TicketBookingSystem.Data.csproj", "{DF0BA879-738B-4F9C-98A2-A2C7819EACFB}"
EndProject
Project("{9A19103F-16F7-4668-BE54-9A1E7A4F7556}") = "TicketBookingSystem.Booking", "TicketBookingSystem.Booking\TicketBookingSystem.Booking.csproj", "{6A8C5F45-64E0-43DB-83A4-4C42CEF4D4C2}"
EndProject
Global
	GlobalSection(SolutionConfigurationPlatforms) = preSolution
		Debug|Any CPU = Debug|Any CPU
		Release|Any CPU = Release|Any CPU
	EndGlobalSection
	GlobalSection(ProjectConfigurationPlatforms) = postSolution
		{4CC34433-44F9-4E6B-B0D8-118EDFD8CEB6}.Debug|Any CPU.ActiveCfg = Debug|Any CPU
		{4CC34433-44F9-4E6B-B0D8-118EDFD8CEB6}.Debug|Any CPU.Build.0 = Debug|Any CPU
		{4CC34433-44F9-4E6B-B0D8-118EDFD8CEB6}.Release|Any CPU.ActiveCfg = Release|Any CPU
		{4CC34433-44F9-4E6B-B0D8-118EDFD8CEB6}.Release|Any CPU.Build.0 = Release|Any CPU
		{DF0BA879-738B-4F9C-98A2-A2C7819EACFB}.Debug|Any CPU.ActiveCfg = Debug|Any CPU
		{DF0BA879-738B-4F9C-98A2-A2C7819EACFB}.Debug|Any CPU.Build.0 = Debug|Any CPU
		{DF0BA879-738B-4F9C-98A2-A2C7819EACFB}.Release|Any CPU.ActiveCfg = Release|Any CPU
		{DF0BA879-738B-4F9C-98A2-A2C7819EACFB}.Release|Any CPU.Build.0 = Release|Any CPU
		{6A8C5F45-64E0-43DB-83A4-4C42CEF4D4C2}.Debug|Any CPU.ActiveCfg = Debug|Any CPU
		{6A8C5F45-64E0-43DB-83A4-4C42CEF4D4C2}.Debug|Any CPU.Build.0 = Debug|Any CPU
		{6A8C5F45-64E0-43DB-83A4-4C42CEF4D4C2}.Release|Any CPU.ActiveCfg = Release|Any CPU
		{6A8C5F45-64E0-43DB-83A4-4C42CEF4D4C2}.Release|Any CPU.Build.0 = Release|Any CPU
	EndGlobalSection
	GlobalSection(SolutionProperties) = preSolution
		HideSolutionNode = FALSE
	EndGlobalSection
	GlobalSection(ExtensibilityGlobals) = postSolution
		SolutionGuid = {2C59B3FB-1C39-4D76-8B1F-C00F8E0F539E}
	EndGlobalSection
EndGlobal
